
Microsoft Visual Studio Solution File, Format Version 12.00
# Visual Studio Version 16
VisualStudioVersion = 16.0.30413.136
MinimumVisualStudioVersion = 10.0.40219.1
Project("{9A19103F-16F7-4668-BE54-9A1E7A4F7556}") = "DatingApp", "DatingApp\DatingApp.csproj", "{1E64B505-8101-49B9-A5D0-5501A9E71B8E}"
EndProject
Global
	GlobalSection(SolutionConfigurationPlatforms) = preSolution
		Debug|Any CPU = Debug|Any CPU
		Release|Any CPU = Release|Any CPU
	EndGlobalSection
	GlobalSection(ProjectConfigurationPlatforms) = postSolution
		{1E64B505-8101-49B9-A5D0-5501A9E71B8E}.Debug|Any CPU.ActiveCfg = Debug|Any CPU
		{1E64B505-8101-49B9-A5D0-5501A9E71B8E}.Debug|Any CPU.Build.0 = Debug|Any CPU
		{1E64B505-8101-49B9-A5D0-5501A9E71B8E}.Release|Any CPU.ActiveCfg = Release|Any CPU
		{1E64B505-8101-49B9-A5D0-5501A9E71B8E}.Release|Any CPU.Build.0 = Release|Any CPU
	EndGlobalSection
	GlobalSection(SolutionProperties) = preSolution
		HideSolutionNode = FALSE
	EndGlobalSection
	GlobalSection(ExtensibilityGlobals) = postSolution
		SolutionGuid = {15C5B56B-CDCA-4BF2-A95F-BC6D1EED37C6}
	EndGlobalSection
EndGlobal
